// !$*UTF8*$!
{
	archiveVersion = 1;
	classes = {
	};
	objectVersion = 46;
	objects = {

/* Begin PBXBuildFile section */
		50B1073E1CBFD526004DD036 /* AppDelegate.swift in Sources */ = {isa = PBXBuildFile; fileRef = 50B1073D1CBFD526004DD036 /* AppDelegate.swift */; };
		50B107401CBFD526004DD036 /* ViewController.swift in Sources */ = {isa = PBXBuildFile; fileRef = 50B1073F1CBFD526004DD036 /* ViewController.swift */; };
		50B107421CBFD526004DD036 /* Assets.xcassets in Resources */ = {isa = PBXBuildFile; fileRef = 50B107411CBFD526004DD036 /* Assets.xcassets */; };
		50B107451CBFD526004DD036 /* Main.storyboard in Resources */ = {isa = PBXBuildFile; fileRef = 50B107431CBFD526004DD036 /* Main.storyboard */; };
/* End PBXBuildFile section */

/* Begin PBXFileReference section */
		50B1073A1CBFD526004DD036 /* Json2SwiftModel.app */ = {isa = PBXFileReference; explicitFileType = wrapper.application; includeInIndex = 0; path = Json2SwiftModel.app; sourceTree = BUILT_PRODUCTS_DIR; };
		50B1073D1CBFD526004DD036 /* AppDelegate.swift */ = {isa = PBXFileReference; lastKnownFileType = sourcecode.swift; path = AppDelegate.swift; sourceTree = "<group>"; };
		50B1073F1CBFD526004DD036 /* ViewController.swift */ = {isa = PBXFileReference; lastKnownFileType = sourcecode.swift; path = ViewController.swift; sourceTree = "<group>"; };
		50B107411CBFD526004DD036 /* Assets.xcassets */ = {isa = PBXFileReference; lastKnownFileType = folder.assetcatalog; path = Assets.xcassets; sourceTree = "<group>"; };
		50B107441CBFD526004DD036 /* Base */ = {isa = PBXFileReference; lastKnownFileType = file.storyboard; name = Base; path = Base.lproj/Main.storyboard; sourceTree = "<group>"; };
		50B107461CBFD526004DD036 /* Info.plist */ = {isa = PBXFileReference; lastKnownFileType = text.plist.xml; path = Info.plist; sourceTree = "<group>"; };
/* End PBXFileReference section */

/* Begin PBXFrameworksBuildPhase section */
		50B107371CBFD526004DD036 /* Frameworks */ = {
			isa = PBXFrameworksBuildPhase;
			buildActionMask = 2147483647;
			files = (
			);
			runOnlyForDeploymentPostprocessing = 0;
		};
/* End PBXFrameworksBuildPhase section */

/* Begin PBXGroup section */
		50B107311CBFD526004DD036 = {
			isa = PBXGroup;
			children = (
				50B1073C1CBFD526004DD036 /* Json2SwiftModel */,
				50B1073B1CBFD526004DD036 /* Products */,
			);
			sourceTree = "<group>";
		};
		50B1073B1CBFD526004DD036 /* Products */ = {
			isa = PBXGroup;
			children = (
				50B1073A1CBFD526004DD036 /* Json2SwiftModel.app */,
			);
			name = Products;
			sourceTree = "<group>";
		};
		50B1073C1CBFD526004DD036 /* Json2SwiftModel */ = {
			isa = PBXGroup;
			children = (
				50B1073D1CBFD526004DD036 /* AppDelegate.swift */,
				50B1073F1CBFD526004DD036 /* ViewController.swift */,
				50B107411CBFD526004DD036 /* Assets.xcassets */,
				50B107431CBFD526004DD036 /* Main.storyboard */,
				50B107461CBFD526004DD036 /* Info.plist */,
			);
			path = Json2SwiftModel;
			sourceTree = "<group>";
		};
/* End PBXGroup section */

/* Begin PBXNativeTarget section */
		50B107391CBFD526004DD036 /* Json2SwiftModel */ = {
			isa = PBXNativeTarget;
			buildConfigurationList = 50B107491CBFD526004DD036 /* Build configuration list for PBXNativeTarget "Json2SwiftModel" */;
			buildPhases = (
				50B107361CBFD526004DD036 /* Sources */,
				50B107371CBFD526004DD036 /* Frameworks */,
				50B107381CBFD526004DD036 /* Resources */,
			);
			buildRules = (
			);
			dependencies = (
			);
			name = Json2SwiftModel;
			productName = Json2SwiftModel;
			productReference = 50B1073A1CBFD526004DD036 /* Json2SwiftModel.app */;
			productType = "com.apple.product-type.application";
		};
/* End PBXNativeTarget section */

/* Begin PBXProject section */
		50B107321CBFD526004DD036 /* Project object */ = {
			isa = PBXProject;
			attributes = {
				LastSwiftUpdateCheck = 0730;
				LastUpgradeCheck = 0730;
				ORGANIZATIONNAME = mhk;
				TargetAttributes = {
					50B107391CBFD526004DD036 = {
						CreatedOnToolsVersion = 7.3;
					};
				};
			};
			buildConfigurationList = 50B107351CBFD526004DD036 /* Build configuration list for PBXProject "Json2SwiftModel" */;
			compatibilityVersion = "Xcode 3.2";
			developmentRegion = English;
			hasScannedForEncodings = 0;
			knownRegions = (
				en,
				Base,
			);
			mainGroup = 50B107311CBFD526004DD036;
			productRefGroup = 50B1073B1CBFD526004DD036 /* Products */;
			projectDirPath = "";
			projectRoot = "";
			targets = (
				50B107391CBFD526004DD036 /* Json2SwiftModel */,
			);
		};
/* End PBXProject section */

/* Begin PBXResourcesBuildPhase section */
		50B107381CBFD526004DD036 /* Resources */ = {
			isa = PBXResourcesBuildPhase;
			buildActionMask = 2147483647;
			files = (
				50B107421CBFD526004DD036 /* Assets.xcassets in Resources */,
				50B107451CBFD526004DD036 /* Main.storyboard in Resources */,
			);
			runOnlyForDeploymentPostprocessing = 0;
		};
/* End PBXResourcesBuildPhase section */

/* Begin PBXSourcesBuildPhase section */
		50B107361CBFD526004DD036 /* Sources */ = {
			isa = PBXSourcesBuildPhase;
			buildActionMask = 2147483647;
			files = (
				50B107401CBFD526004DD036 /* ViewController.swift in Sources */,
				50B1073E1CBFD526004DD036 /* AppDelegate.swift in Sources */,
			);
			runOnlyForDeploymentPostprocessing = 0;
		};
/* End PBXSourcesBuildPhase section */

/* Begin PBXVariantGroup section */
		50B107431CBFD526004DD036 /* Main.storyboard */ = {
			isa = PBXVariantGroup;
			children = (
				50B107441CBFD526004DD036 /* Base */,
			);
			name = Main.storyboard;
			sourceTree = "<group>";
		};
/* End PBXVariantGroup section */

/* Begin XCBuildConfiguration section */
		50B107471CBFD526004DD036 /* Debug */ = {
			isa = XCBuildConfiguration;
			buildSettings = {
				ALWAYS_SEARCH_USER_PATHS = NO;
				CLANG_ANALYZER_NONNULL = YES;
				CLANG_CXX_LANGUAGE_STANDARD = "gnu++0x";
				CLANG_CXX_LIBRARY = "libc++";
				CLANG_ENABLE_MODULES = YES;
				CLANG_ENABLE_OBJC_ARC = YES;
				CLANG_WARN_BOOL_CONVERSION = YES;
				CLANG_WARN_CONSTANT_CONVERSION = YES;
				CLANG_WARN_DIRECT_OBJC_ISA_USAGE = YES_ERROR;
				CLANG_WARN_EMPTY_BODY = YES;
				CLANG_WARN_ENUM_CONVERSION = YES;
				CLANG_WARN_INT_CONVERSION = YES;
				CLANG_WARN_OBJC_ROOT_CLASS = YES_ERROR;
				CLANG_WARN_UNREACHABLE_CODE = YES;
				CLANG_WARN__DUPLICATE_METHOD_MATCH = YES;
				CODE_SIGN_IDENTITY = "-";
				COPY_PHASE_STRIP = NO;
				DEBUG_INFORMATION_FORMAT = dwarf;
				ENABLE_STRICT_OBJC_MSGSEND = YES;
				ENABLE_TESTABILITY = YES;
				GCC_C_LANGUAGE_STANDARD = gnu99;
				GCC_DYNAMIC_NO_PIC = NO;
				GCC_NO_COMMON_BLOCKS = YES;
				GCC_OPTIMIZATION_LEVEL = 0;
				GCC_PREPROCESSOR_DEFINITIONS = (
					"DEBUG=1",
					"$(inherited)",
				);
				GCC_WARN_64_TO_32_BIT_CONVERSION = YES;
				GCC_WARN_ABOUT_RETURN_TYPE = YES_ERROR;
				GCC_WARN_UNDECLARED_SELECTOR = YES;
				GCC_WARN_UNINITIALIZED_AUTOS = YES_AGGRESSIVE;
				GCC_WARN_UNUSED_FUNCTION = YES;
				GCC_WARN_UNUSED_VARIABLE = YES;
				MACOSX_DEPLOYMENT_TARGET = 10.11;
				MTL_ENABLE_DEBUG_INFO = YES;
				ONLY_ACTIVE_ARCH = YES;
				SDKROOT = macosx;
				SWIFT_OPTIMIZATION_LEVEL = "-Onone";
			};
			name = Debug;
		};
		50B107481CBFD526004DD036 /* Release */ = {
			isa = XCBuildConfiguration;
			buildSettings = {
				ALWAYS_SEARCH_USER_PATHS = NO;
				CLANG_ANALYZER_NONNULL = YES;
				CLANG_CXX_LANGUAGE_STANDARD = "gnu++0x";
				CLANG_CXX_LIBRARY = "libc++";
				CLANG_ENABLE_MODULES = YES;
				CLANG_ENABLE_OBJC_ARC = YES;
				CLANG_WARN_BOOL_CONVERSION = YES;
				CLANG_WARN_CONSTANT_CONVERSION = YES;
				CLANG_WARN_DIRECT_OBJC_ISA_USAGE = YES_ERROR;
				CLANG_WARN_EMPTY_BODY = YES;
				CLANG_WARN_ENUM_CONVERSION = YES;
				CLANG_WARN_INT_CONVERSION = YES;
				CLANG_WARN_OBJC_ROOT_CLASS = YES_ERROR;
				CLANG_WARN_UNREACHABLE_CODE = YES;
				CLANG_WARN__DUPLICATE_METHOD_MATCH = YES;
				CODE_SIGN_IDENTITY = "-";
				COPY_PHASE_STRIP = NO;
				DEBUG_INFORMATION_FORMAT = "dwarf-with-dsym";
				ENABLE_NS_ASSERTIONS = NO;
				ENABLE_STRICT_OBJC_MSGSEND = YES;
				GCC_C_LANGUAGE_STANDARD = gnu99;
				GCC_NO_COMMON_BLOCKS = YES;
				GCC_WARN_64_TO_32_BIT_CONVERSION = YES;
				GCC_WARN_ABOUT_RETURN_TYPE = YES_ERROR;
				GCC_WARN_UNDECLARED_SELECTOR = YES;
				GCC_WARN_UNINITIALIZED_AUTOS = YES_AGGRESSIVE;
				GCC_WARN_UNUSED_FUNCTION = YES;
				GCC_WARN_UNUSED_VARIABLE = YES;
				MACOSX_DEPLOYMENT_TARGET = 10.11;
				MTL_ENABLE_DEBUG_INFO = NO;
				SDKROOT = macosx;
			};
			name = Release;
		};
		50B1074A1CBFD526004DD036 /* Debug */ = {
			isa = XCBuildConfiguration;
			buildSettings = {
				ASSETCATALOG_COMPILER_APPICON_NAME = AppIcon;
				COMBINE_HIDPI_IMAGES = YES;
				INFOPLIST_FILE = Json2SwiftModel/Info.plist;
				LD_RUNPATH_SEARCH_PATHS = "$(inherited) @executable_path/../Frameworks";
				PRODUCT_BUNDLE_IDENTIFIER = com.mhk.ios.Json2SwiftModel;
				PRODUCT_NAME = "$(TARGET_NAME)";
			};
			name = Debug;
		};
		50B1074B1CBFD526004DD036 /* Release */ = {
			isa = XCBuildConfiguration;
			buildSettings = {
				ASSETCATALOG_COMPILER_APPICON_NAME = AppIcon;
				COMBINE_HIDPI_IMAGES = YES;
				INFOPLIST_FILE = Json2SwiftModel/Info.plist;
				LD_RUNPATH_SEARCH_PATHS = "$(inherited) @executable_path/../Frameworks";
				PRODUCT_BUNDLE_IDENTIFIER = com.mhk.ios.Json2SwiftModel;
				PRODUCT_NAME = "$(TARGET_NAME)";
			};
			name = Release;
		};
/* End XCBuildConfiguration section */

/* Begin XCConfigurationList section */
		50B107351CBFD526004DD036 /* Build configuration list for PBXProject "Json2SwiftModel" */ = {
			isa = XCConfigurationList;
			buildConfigurations = (
				50B107471CBFD526004DD036 /* Debug */,
				50B107481CBFD526004DD036 /* Release */,
			);
			defaultConfigurationIsVisible = 0;
			defaultConfigurationName = Release;
		};
		50B107491CBFD526004DD036 /* Build configuration list for PBXNativeTarget "Json2SwiftModel" */ = {
			isa = XCConfigurationList;
			buildConfigurations = (
				50B1074A1CBFD526004DD036 /* Debug */,
				50B1074B1CBFD526004DD036 /* Release */,
			);
			defaultConfigurationIsVisible = 0;
		};
/* End XCConfigurationList section */
	};
	rootObject = 50B107321CBFD526004DD036 /* Project object */;
}
